
Microsoft Visual Studio Solution File, Format Version 11.00
# Visual Studio 2010
Project("{FAE04EC0-301F-11D3-BF4B-00C04F79EFBC}") = "Assembly-CSharp", "Assembly-CSharp.csproj", "{91550cfc-8bed-f830-e45f-1665165d767a}"
EndProject
Project("{FAE04EC0-301F-11D3-BF4B-00C04F79EFBC}") = "Assembly-CSharp-Editor", "Assembly-CSharp-Editor.csproj", "{e7f3b388-c68d-e3e9-12ab-b9cab733c344}"
EndProject
Global
	GlobalSection(SolutionConfigurationPlatforms) = preSolution
		Debug|Any CPU = Debug|Any CPU
	EndGlobalSection
	GlobalSection(ProjectConfigurationPlatforms) = postSolution
		{91550cfc-8bed-f830-e45f-1665165d767a}.Debug|Any CPU.ActiveCfg = Debug|Any CPU
		{91550cfc-8bed-f830-e45f-1665165d767a}.Debug|Any CPU.Build.0 = Debug|Any CPU
		{e7f3b388-c68d-e3e9-12ab-b9cab733c344}.Debug|Any CPU.ActiveCfg = Debug|Any CPU
		{e7f3b388-c68d-e3e9-12ab-b9cab733c344}.Debug|Any CPU.Build.0 = Debug|Any CPU
	EndGlobalSection
	GlobalSection(SolutionProperties) = preSolution
		HideSolutionNode = FALSE
	EndGlobalSection
EndGlobal
